{
  "name": "campus-virtual-monorepo",
  "version": "1.0.0",
  "lockfileVersion": 3,
  "requires": true,
  "packages": {
    "": {
      "name": "campus-virtual-monorepo",
      "version": "1.0.0",
      "license": "MIT",
      "workspaces": [
        "frontend",
        "backend"
      ]
    }
  }
}
